schema: '2.0'
stages:
  structure_raw:
    cmd: python3 src/data/structure_raw.py
    deps:
    - path: data/raw/
      hash: md5
      md5: 6c3622ff98294a528208aece1e7ede8b.dir
      size: 21954635
      nfiles: 183
    - path: data/working_dataset.csv
      hash: md5
      md5: 02086bf6991f01344eccc4aba1935f1e
      size: 4542
    - path: dockers_started.txt
      hash: md5
      md5: cc72867581029d08025a87c527baf24e
      size: 29
    - path: params.yaml
      hash: md5
      md5: ba6f9bb53bbada055e556f582b04da9b
      size: 3407
    - path: src/data/structure_raw.py
      hash: md5
      md5: 222e1cd8e683fb3b9a0cd5ffc0dcf882
      size: 3431
    outs:
    - path: data/raw_per_classes/
      hash: md5
      md5: 2a253b9e215de4cfc035d2f33f94df26.dir
      size: 21840025
      nfiles: 181
  ingest:
    cmd: python3 src/dvc_steps/ingest.py
    deps:
    - path: data/raw_per_classes/
      hash: md5
      md5: 3dd2a69ab62c8ba750476341f3cad011.dir
      size: 25299490
      nfiles: 189
    outs:
    - path: data/ocr_raw_per_classes/
      hash: md5
      md5: 140a5933bf07a958530f23282411a120.dir
      size: 173493
      nfiles: 189
  clean:
    cmd: python3 src/dvc_steps/clean.py
    deps:
    - path: data/ocr_raw_per_classes/
      hash: md5
      md5: 140a5933bf07a958530f23282411a120.dir
      size: 173493
      nfiles: 189
    outs:
    - path: data/cleaned_per_classes/
      hash: md5
      md5: 8d1911c0d67c5115e727ecd1ced071f4.dir
      size: 113025
      nfiles: 3
  preprocessing:
    cmd: python3 src/dvc_steps/preprocess.py
    deps:
    - path: data/cleaned_per_classes/
      hash: md5
      md5: 8d1911c0d67c5115e727ecd1ced071f4.dir
      size: 113025
      nfiles: 3
    outs:
    - path: data/processed
      hash: md5
      md5: ac212a470081479c729c29ed6b89cd22.dir
      size: 3125866
      nfiles: 4
    - path: models/vectorizers
      hash: md5
      md5: 24818352072964ffc9d145f86d9ad55d.dir
      size: 2528663
      nfiles: 1
  train:
    cmd: python3 src/dvc_steps/train.py
    deps:
    - path: data/processed/train
      hash: md5
      md5: 925d344fb35a2ffed400b45b3a49cf58.dir
      size: 2670621
      nfiles: 2
    outs:
    - path: models/train
      hash: md5
      md5: 2fd290395d7c9fde54c6301782fd12e6.dir
      size: 1682517
      nfiles: 1
  eval:
    cmd: python3 src/dvc_steps/eval.py
    deps:
    - path: data/processed/test
      hash: md5
      md5: 4c29eec73294be4a8851c8ce7ff1f174.dir
      size: 455245
      nfiles: 2
    - path: models/train
      hash: md5
      md5: 2fd290395d7c9fde54c6301782fd12e6.dir
      size: 1682517
      nfiles: 1
    outs:
    - path: metrics/confusion_matrix.json
      hash: md5
      md5: 2e4d084672b56dd6dc77c19ee4be46ad
      size: 95
    - path: metrics/scores.json
      hash: md5
      md5: 7ff6033714adb0bb1b5680ac32f2d33a
      size: 699
  env_mlops_sake:
    cmd: python3 src/config_transform_as_env.py && python src/smart_merge_.env_.env_mlops_sake.py
    deps:
    - path: params.yaml
      hash: md5
      md5: ba6f9bb53bbada055e556f582b04da9b
      size: 3407
    - path: src/config_transform_as_env.py
      hash: md5
      md5: d0ac128f1cc32185ebfd4bf959cf5c5f
      size: 3292
    - path: src/smart_merge_.env_.env_mlops_sake.py
      hash: md5
      md5: 59a04e062df44655488134f8946c638a
      size: 1287
    outs:
    - path: .env_mlops_sake
      hash: md5
      md5: ebda30d4cd6c48f6ac57daa41bbb423d
      size: 3272
    - path: .env_plantUML
      hash: md5
      md5: 6bbc1d40608aa5d1637aeb5d1d93d4d3
      size: 3818
  start_docker:
    cmd: source scripts/docker_clean_dangling_images.sh && docker-compose stop &&
      docker-compose up --build -d && date > dockers_started.txt
    deps:
    - path: .env_mlops_sake
      hash: md5
      md5: 776596d2261abe1b4b67767b11fd5029
      size: 3145
    - path: docker-compose.yaml
      hash: md5
      md5: f37199e1292c0ab4441dc2be39068619
      size: 5500
    outs:
    - path: dockers_started.txt
      hash: md5
      md5: b0064df85e6e6daf47115f32ff29f6c6
      size: 29
  start_dockers:
    cmd: source scripts/docker_clean_dangling_images.sh && docker-compose stop &&
      docker-compose up --build -d && date > dockers_started.txt
    deps:
    - path: .env_mlops_sake
      hash: md5
      md5: ebda30d4cd6c48f6ac57daa41bbb423d
      size: 3272
    - path: docker-compose.yaml
      hash: md5
      md5: 80beee7cef45289a76589c16835297e4
      size: 5430
    outs:
    - path: dockers_started.txt
      hash: md5
      md5: cc72867581029d08025a87c527baf24e
      size: 29

