schema: '2.0'
stages:
  ingest:
    cmd: python3 steps/ingest.py
    deps:
    - path: data/raw
      md5: 162423e418f3e2859e615633bd5614f6.dir
      size: 21954635
      nfiles: 183
    - path: steps/ingest.py
      md5: 8dfb1fc3d7cb0da4d522918f3be9cc2a
      size: 3288
    outs:
    - path: data/processed
      hash: md5
      md5: 0c73803b5a8cfba04c87a34a1a4ca88a.dir
      size: 112832
      nfiles: 151
  clean:
    cmd: python3 steps/clean_text.py
    deps:
    - path: data/processed
      md5: c780345822f617fd46756fa81f838a91.dir
      size: 95851
      nfiles: 131
    - path: steps/clean_text.py
      md5: 6846d642105b4b0880527354246e2eac
      size: 2963
    outs:
    - path: data/cleaned
      md5: 2f1bb663191db3176d69594b960bec7f.dir
      size: 63058
      nfiles: 1
