schema: '2.0'
stages:
  structure_raw:
    cmd: python3 src/data/structure_raw.py
    deps:
    - path: data/raw/
      hash: md5
      md5: 6c3622ff98294a528208aece1e7ede8b.dir
      size: 21954635
      nfiles: 183
    - path: data/working_dataset.csv
      hash: md5
      md5: 02086bf6991f01344eccc4aba1935f1e
      size: 4542
    - path: dockers_started.txt
      hash: md5
      md5: 66a3ececd4a79201d7209f2a4dd1ce8f
      size: 29
    - path: params.yaml
      hash: md5
      md5: 8f3115d6562c1bd11cd06d45ba7e50df
      size: 3837
    - path: src/data/structure_raw.py
      hash: md5
      md5: 222e1cd8e683fb3b9a0cd5ffc0dcf882
      size: 3431
    outs:
    - path: data/raw_per_classes/
      hash: md5
      md5: 2a253b9e215de4cfc035d2f33f94df26.dir
      size: 21840025
      nfiles: 181
  ingest:
    cmd: curl -X "POST" "http://localhost:8907/ingest"
    deps:
    - path: data/raw_per_classes/
      hash: md5
      md5: bc355dd286d1543ae429bef59a77eba0.dir
      size: 21652545
      nfiles: 178
    - path: params.yaml
      hash: md5
      md5: 8f3115d6562c1bd11cd06d45ba7e50df
      size: 3837
    outs:
    - path: data/ocr_raw_per_classes/
      hash: md5
      md5: 93c4eecbc2a7ac2375ff75fd5dc4f854.dir
      size: 170818
      nfiles: 177
  clean:
    cmd: curl -X "POST" "http://localhost:8907/clean"
    deps:
    - path: data/ocr_raw_per_classes/
      hash: md5
      md5: 5a21a67e39f46347b7c0a58761108972.dir
      size: 171201
      nfiles: 178
    - path: params.yaml
      hash: md5
      md5: 8f3115d6562c1bd11cd06d45ba7e50df
      size: 3837
    outs:
    - path: data/cleaned_per_classes/
      hash: md5
      md5: 1d59c1bbc11b65cf3c12f10fd6325f5e.dir
      size: 111100
      nfiles: 3
  preprocessing:
    cmd: curl -X "POST" "http://localhost:8904/process"
    deps:
    - path: data/cleaned_per_classes/
      hash: md5
      md5: 1d59c1bbc11b65cf3c12f10fd6325f5e.dir
      size: 111100
      nfiles: 3
    - path: dockers_started.txt
      hash: md5
      md5: cc72867581029d08025a87c527baf24e
      size: 29
    - path: params.yaml
      hash: md5
      md5: 8f3115d6562c1bd11cd06d45ba7e50df
      size: 3837
    outs:
    - path: data/processed
      hash: md5
      md5: a0cb3fdfe9059b4ab401457d68466674.dir
      size: 3051298
      nfiles: 4
    - path: models/vectorizers
      hash: md5
      md5: ab16abcdc3a088b5c0d46857a755fc0e.dir
      size: 2529579
      nfiles: 1
  train:
    cmd: curl -X "POST" "http://localhost:8905/train"
    deps:
    - path: data/processed/train
      hash: md5
      md5: 57ab494c0fea116e6dc5a53cc96d200f.dir
      size: 2563893
      nfiles: 2
    - path: dockers_started.txt
      hash: md5
      md5: cc72867581029d08025a87c527baf24e
      size: 29
    - path: params.yaml
      hash: md5
      md5: 8f3115d6562c1bd11cd06d45ba7e50df
      size: 3837
    outs:
    - path: models/train
      hash: md5
      md5: 9b86c026eb0186f8ba4b2de1c456f527.dir
      size: 1682517
      nfiles: 1
  eval:
    cmd: curl -X "POST" "http://localhost:8906/eval"
    deps:
    - path: data/processed/test
      hash: md5
      md5: 75faf6c861f0b651d489b9962d9edbd9.dir
      size: 487405
      nfiles: 2
    - path: dockers_started.txt
      hash: md5
      md5: cc72867581029d08025a87c527baf24e
      size: 29
    - path: models/train
      hash: md5
      md5: 9b86c026eb0186f8ba4b2de1c456f527.dir
      size: 1682517
      nfiles: 1
    - path: params.yaml
      hash: md5
      md5: 8f3115d6562c1bd11cd06d45ba7e50df
      size: 3837
    outs:
    - path: metrics/confusion_matrix.json
      hash: md5
      md5: 7df4032c6936a0a9979c09a5478e9bc0
      size: 75
    - path: metrics/scores.json
      hash: md5
      md5: d754a8171cd384e0bd4e54afd8f70923
      size: 399
  env_mlops_sake:
    cmd: python3 src/config_transform_as_env.py && python src/smart_merge_.env_.env_mlops_sake.py
    deps:
    - path: params.yaml
      hash: md5
      md5: 8f3115d6562c1bd11cd06d45ba7e50df
      size: 3837
    - path: src/config_transform_as_env.py
      hash: md5
      md5: d0ac128f1cc32185ebfd4bf959cf5c5f
      size: 3292
    - path: src/smart_merge_.env_.env_mlops_sake.py
      hash: md5
      md5: 6bed625e4211981d683d924f6852b605
      size: 1389
    outs:
    - path: .env_mlops_sake
      hash: md5
      md5: 505fae9f84cb431717311f4c57751db2
      size: 3701
    - path: .env_plantUML
      hash: md5
      md5: 16b569d10c92a27e1726e2163ffd0d25
      size: 4347
  start_docker:
    cmd: source scripts/docker_clean_dangling_images.sh && docker-compose stop &&
      docker-compose up --build -d && date > dockers_started.txt
    deps:
    - path: .env_mlops_sake
      hash: md5
      md5: 776596d2261abe1b4b67767b11fd5029
      size: 3145
    - path: docker-compose.yaml
      hash: md5
      md5: f37199e1292c0ab4441dc2be39068619
      size: 5500
    outs:
    - path: dockers_started.txt
      hash: md5
      md5: b0064df85e6e6daf47115f32ff29f6c6
      size: 29
  start_dockers:
    cmd: source scripts/docker_clean_dangling_images.sh && docker-compose stop &&
      docker-compose --profile training up --build -d && date > dockers_started.txt
    deps:
    - path: .env_mlops_sake
      hash: md5
      md5: 505fae9f84cb431717311f4c57751db2
      size: 3701
    - path: docker-compose.yaml
      hash: md5
      md5: 496c2edccd0e896eec5655553aa4e61b
      size: 6976
    outs:
    - path: dockers_started.txt
      hash: md5
      md5: 66a3ececd4a79201d7209f2a4dd1ce8f
      size: 29
